<?xml version="1.0" encoding="UTF-8" standalone="yes" ?>
<CodeBlocks_project_file>
	<FileVersion major="1" minor="6" />
	<Project>
		<Option title="SimpleText" />
		<Option pch_mode="2" />
		<Option compiler="gcc" />
		<Build>
			<Target title="Debug">
				<Option output="bin/Debug/SimpleText" prefix_auto="1" extension_auto="1" />
				<Option object_output="bin/obj/Debug/" />
				<Option type="1" />
				<Option compiler="gcc" />
				<Compiler>
					<Add option="-std=c++11" />
					<Add option="-g" />
					<Add directory="src/" />
					<Add directory="src/gl" />
				</Compiler>
			</Target>
			<Target title="Release">
				<Option output="bin/Release/SimpleText" prefix_auto="1" extension_auto="1" />
				<Option object_output="bin/obj/Release/" />
				<Option type="0" />
				<Option compiler="gcc" />
				<Compiler>
					<Add option="-O2" />
					<Add directory="src/" />
					<Add directory="src/gl" />
				</Compiler>
				<Linker>
					<Add option="-s" />
				</Linker>
			</Target>
		</Build>
		<Compiler>
			<Add option="-Wall" />
			<Add option="-DGLEW_STATIC" />
			<Add directory="$(#sdl.include)/SDL2" />
		</Compiler>
		<Linker>
			<Add library="mingw32" />
			<Add library="SDL2main" />
			<Add library="SDL2.dll" />
			<Add library="user32" />
			<Add library="gdi32" />
			<Add library="winmm" />
			<Add library="dxguid" />
			<Add library="opengl32" />
			<Add directory="$(#sdl.lib)" />
		</Linker>
		<Unit filename="src/context.cpp" />
		<Unit filename="src/context.h" />
		<Unit filename="src/gl/buffer.cpp" />
		<Unit filename="src/gl/buffer.h" />
		<Unit filename="src/gl/glid.hpp" />
		<Unit filename="src/gl/logerrors.cpp" />
		<Unit filename="src/gl/logerrors.h" />
		<Unit filename="src/gl/program.cpp" />
		<Unit filename="src/gl/program.h" />
		<Unit filename="src/gl/shader.cpp" />
		<Unit filename="src/gl/shader.h" />
		<Unit filename="src/glew.c">
			<Option compilerVar="CC" />
		</Unit>
		<Unit filename="src/main.cpp" />
		<Unit filename="src/processevents.h" />
		<Unit filename="src/window.cpp" />
		<Unit filename="src/window.h" />
		<Extensions>
			<code_completion />
			<envvars />
			<debugger />
			<lib_finder disable_auto="1" />
		</Extensions>
	</Project>
</CodeBlocks_project_file>
