<?xml version="1.0" encoding="UTF-8" standalone="yes" ?>
<CodeBlocks_project_file>
	<FileVersion major="1" minor="6" />
	<Project>
		<Option title="SimpleText" />
		<Option pch_mode="2" />
		<Option compiler="gcc" />
		<MakeCommands>
			<Build command="" />
			<CompileFile command="" />
			<Clean command="" />
			<DistClean command="" />
			<AskRebuildNeeded command="" />
			<SilentBuild command=" &gt; $(CMD_NULL)" />
		</MakeCommands>
		<Build>
			<Target title="Debug">
				<Option output="bin/Debug/SimpleText" prefix_auto="1" extension_auto="1" />
				<Option object_output="bin/obj/Debug/" />
				<Option type="1" />
				<Option compiler="gcc" />
				<Compiler>
					<Add option="-g" />
				</Compiler>
				<MakeCommands>
					<Build command="" />
					<CompileFile command="" />
					<Clean command="" />
					<DistClean command="" />
					<AskRebuildNeeded command="" />
					<SilentBuild command=" &gt; $(CMD_NULL)" />
				</MakeCommands>
			</Target>
			<Target title="Release">
				<Option output="bin/Release/SimpleText" prefix_auto="1" extension_auto="1" />
				<Option object_output="bin/obj/Release/" />
				<Option type="1" />
				<Option compiler="gcc" />
				<Option use_console_runner="0" />
				<Compiler>
					<Add option="-O2" />
				</Compiler>
				<Linker>
					<Add option="-s" />
				</Linker>
			</Target>
		</Build>
		<Compiler>
			<Add option="-DGLEW_STATIC" />
			<Add directory="src/glew" />
		</Compiler>
		<Linker>
			<Add library="mingw32" />
			<Add library="SDL2main" />
			<Add library="SDL2" />
			<Add library="opengl32" />
		</Linker>
		<Unit filename="data/frag.glsl">
			<Option target="&lt;{~None~}&gt;" />
		</Unit>
		<Unit filename="data/geo.glsl">
			<Option target="&lt;{~None~}&gt;" />
		</Unit>
		<Unit filename="data/vert.glsl">
			<Option target="&lt;{~None~}&gt;" />
		</Unit>
		<Unit filename="src/fonttexture.h" />
		<Unit filename="src/glew/GL/glew.c">
			<Option compilerVar="CC" />
		</Unit>
		<Unit filename="src/main.cpp" />
		<Unit filename="src/processevents.h" />
		<Unit filename="src/textrendererm1.cpp" />
		<Unit filename="src/textrendererm1.h" />
		<Unit filename="src/utils/backcache.hpp" />
		<Unit filename="src/utils/gfx/context.cpp" />
		<Unit filename="src/utils/gfx/context.h" />
		<Unit filename="src/utils/gfx/gl/buffer.cpp" />
		<Unit filename="src/utils/gfx/gl/buffer.h" />
		<Unit filename="src/utils/gfx/gl/glid.hpp" />
		<Unit filename="src/utils/gfx/gl/logerrors.cpp" />
		<Unit filename="src/utils/gfx/gl/logerrors.h" />
		<Unit filename="src/utils/gfx/gl/program.cpp" />
		<Unit filename="src/utils/gfx/gl/program.h" />
		<Unit filename="src/utils/gfx/gl/shader.cpp" />
		<Unit filename="src/utils/gfx/gl/shader.h" />
		<Unit filename="src/utils/gfx/gl/texture.cpp" />
		<Unit filename="src/utils/gfx/gl/texture.h" />
		<Unit filename="src/utils/gfx/window.cpp" />
		<Unit filename="src/utils/gfx/window.h" />
		<Unit filename="src/utils/indexmap.cpp" />
		<Unit filename="src/utils/indexmap.h" />
		<Unit filename="src/utils/loadstring.cpp" />
		<Unit filename="src/utils/loadstring.h" />
		<Extensions>
			<code_completion />
			<envvars />
			<debugger />
			<lib_finder disable_auto="1" />
		</Extensions>
	</Project>
</CodeBlocks_project_file>
